
Microsoft Visual Studio Solution File, Format Version 12.00
# Visual Studio Version 16
VisualStudioVersion = 16.0.29418.71
MinimumVisualStudioVersion = 10.0.40219.1
Project("{9092AA53-FB77-4645-B42D-1CCCA6BD08BD}") = "MyRestaurantMSSQLAPI", "MyRestaurantMSSQLAPI\MyRestaurantMSSQLAPI.njsproj", "{D26694E6-3E49-4D52-BA50-F937352CD064}"
EndProject
Global
	GlobalSection(SolutionConfigurationPlatforms) = preSolution
		Debug|Any CPU = Debug|Any CPU
		Release|Any CPU = Release|Any CPU
	EndGlobalSection
	GlobalSection(ProjectConfigurationPlatforms) = postSolution
		{D26694E6-3E49-4D52-BA50-F937352CD064}.Debug|Any CPU.ActiveCfg = Debug|Any CPU
		{D26694E6-3E49-4D52-BA50-F937352CD064}.Debug|Any CPU.Build.0 = Debug|Any CPU
		{D26694E6-3E49-4D52-BA50-F937352CD064}.Release|Any CPU.ActiveCfg = Release|Any CPU
		{D26694E6-3E49-4D52-BA50-F937352CD064}.Release|Any CPU.Build.0 = Release|Any CPU
	EndGlobalSection
	GlobalSection(SolutionProperties) = preSolution
		HideSolutionNode = FALSE
	EndGlobalSection
	GlobalSection(ExtensibilityGlobals) = postSolution
		SolutionGuid = {FF3736A4-518E-4704-9C43-1DD0D862072E}
	EndGlobalSection
EndGlobal
